// !$*UTF8*$!
{
	archiveVersion = 1;
	classes = {
	};
	objectVersion = 46;
	objects = {

/* Begin PBXBuildFile section */
		B9064D41211D85A100CA554A /* opencv2.framework in Frameworks */ = {isa = PBXBuildFile; fileRef = B9064D40211D85A100CA554A /* opencv2.framework */; };
		B9064D44211D873600CA554A /* FQOpencvRecognizeViewController.mm in Sources */ = {isa = PBXBuildFile; fileRef = B9064D43211D873600CA554A /* FQOpencvRecognizeViewController.mm */; };
		B9065274211E83C800CA554A /* shape_predictor_68_face_landmarks.dat in Resources */ = {isa = PBXBuildFile; fileRef = B9064D4A211E83BF00CA554A /* shape_predictor_68_face_landmarks.dat */; };
		B90653AE211E83C800CA554A /* libdlib.a in Frameworks */ = {isa = PBXBuildFile; fileRef = B9065273211E83C700CA554A /* libdlib.a */; };
		B90653B1211E858500CA554A /* FQFacePointWrapper.mm in Sources */ = {isa = PBXBuildFile; fileRef = B90653B0211E858500CA554A /* FQFacePointWrapper.mm */; };
		B9065A18211E8CAC00CA554A /* Accelerate.framework in Frameworks */ = {isa = PBXBuildFile; fileRef = B90653B3211E85B700CA554A /* Accelerate.framework */; };
		B9065A19211E8CB200CA554A /* AssetsLibrary.framework in Frameworks */ = {isa = PBXBuildFile; fileRef = B90653B5211E85C000CA554A /* AssetsLibrary.framework */; };
		B9377D701F68DA5900CC06D8 /* main.m in Sources */ = {isa = PBXBuildFile; fileRef = B9377D6F1F68DA5900CC06D8 /* main.m */; };
		B9377D731F68DA5900CC06D8 /* AppDelegate.m in Sources */ = {isa = PBXBuildFile; fileRef = B9377D721F68DA5900CC06D8 /* AppDelegate.m */; };
		B9377D761F68DA5A00CC06D8 /* ViewController.m in Sources */ = {isa = PBXBuildFile; fileRef = B9377D751F68DA5A00CC06D8 /* ViewController.m */; };
		B9377D791F68DA5A00CC06D8 /* Main.storyboard in Resources */ = {isa = PBXBuildFile; fileRef = B9377D771F68DA5A00CC06D8 /* Main.storyboard */; };
		B9377D7B1F68DA5A00CC06D8 /* Assets.xcassets in Resources */ = {isa = PBXBuildFile; fileRef = B9377D7A1F68DA5A00CC06D8 /* Assets.xcassets */; };
		B9377D7E1F68DA5A00CC06D8 /* LaunchScreen.storyboard in Resources */ = {isa = PBXBuildFile; fileRef = B9377D7C1F68DA5A00CC06D8 /* LaunchScreen.storyboard */; };
		B9377D891F68DA5B00CC06D8 /* FQFaceRecognizeSampleTests.m in Sources */ = {isa = PBXBuildFile; fileRef = B9377D881F68DA5B00CC06D8 /* FQFaceRecognizeSampleTests.m */; };
		B9377D941F68DA5B00CC06D8 /* FQFaceRecognizeSampleUITests.m in Sources */ = {isa = PBXBuildFile; fileRef = B9377D931F68DA5B00CC06D8 /* FQFaceRecognizeSampleUITests.m */; };
		B9377DA41F68E0C000CC06D8 /* FQImageRecognizeViewController.m in Sources */ = {isa = PBXBuildFile; fileRef = B9377DA31F68E0C000CC06D8 /* FQImageRecognizeViewController.m */; };
		B9377DA71F68EFB400CC06D8 /* UIImage+Extension.m in Sources */ = {isa = PBXBuildFile; fileRef = B9377DA61F68EFB400CC06D8 /* UIImage+Extension.m */; };
		B9377DAD1F691A4500CC06D8 /* 2.jpg in Resources */ = {isa = PBXBuildFile; fileRef = B9377DAC1F691A4500CC06D8 /* 2.jpg */; };
		B9377DB01F691B7F00CC06D8 /* FQVideoRecognizeViewController.m in Sources */ = {isa = PBXBuildFile; fileRef = B9377DAF1F691B7F00CC06D8 /* FQVideoRecognizeViewController.m */; };
		B9377DB51F6920D900CC06D8 /* 1.jpg in Resources */ = {isa = PBXBuildFile; fileRef = B9377DB31F6920D900CC06D8 /* 1.jpg */; };
		B9377DB61F6920D900CC06D8 /* 3.jpg in Resources */ = {isa = PBXBuildFile; fileRef = B9377DB41F6920D900CC06D8 /* 3.jpg */; };
		B9A024491FFF4C6D001A037B /* ear_0.png in Resources */ = {isa = PBXBuildFile; fileRef = B9A023F91FFF4C6C001A037B /* ear_0.png */; };
		B9A0244A1FFF4C6D001A037B /* ear_1.png in Resources */ = {isa = PBXBuildFile; fileRef = B9A023FA1FFF4C6C001A037B /* ear_1.png */; };
		B9A0244B1FFF4C6D001A037B /* ear_10.png in Resources */ = {isa = PBXBuildFile; fileRef = B9A023FB1FFF4C6C001A037B /* ear_10.png */; };
		B9A0244C1FFF4C6D001A037B /* ear_11.png in Resources */ = {isa = PBXBuildFile; fileRef = B9A023FC1FFF4C6C001A037B /* ear_11.png */; };
		B9A0244D1FFF4C6D001A037B /* ear_12.png in Resources */ = {isa = PBXBuildFile; fileRef = B9A023FD1FFF4C6C001A037B /* ear_12.png */; };
		B9A0244E1FFF4C6D001A037B /* ear_13.png in Resources */ = {isa = PBXBuildFile; fileRef = B9A023FE1FFF4C6C001A037B /* ear_13.png */; };
		B9A0244F1FFF4C6D001A037B /* ear_14.png in Resources */ = {isa = PBXBuildFile; fileRef = B9A023FF1FFF4C6C001A037B /* ear_14.png */; };
		B9A024501FFF4C6D001A037B /* ear_15.png in Resources */ = {isa = PBXBuildFile; fileRef = B9A024001FFF4C6C001A037B /* ear_15.png */; };
		B9A024511FFF4C6D001A037B /* ear_16.png in Resources */ = {isa = PBXBuildFile; fileRef = B9A024011FFF4C6C001A037B /* ear_16.png */; };
		B9A024521FFF4C6D001A037B /* ear_17.png in Resources */ = {isa = PBXBuildFile; fileRef = B9A024021FFF4C6C001A037B /* ear_17.png */; };
		B9A024531FFF4C6D001A037B /* ear_18.png in Resources */ = {isa = PBXBuildFile; fileRef = B9A024031FFF4C6C001A037B /* ear_18.png */; };
		B9A024541FFF4C6D001A037B /* ear_19.png in Resources */ = {isa = PBXBuildFile; fileRef = B9A024041FFF4C6C001A037B /* ear_19.png */; };
		B9A024551FFF4C6D001A037B /* ear_2.png in Resources */ = {isa = PBXBuildFile; fileRef = B9A024051FFF4C6C001A037B /* ear_2.png */; };
		B9A024561FFF4C6D001A037B /* ear_20.png in Resources */ = {isa = PBXBuildFile; fileRef = B9A024061FFF4C6C001A037B /* ear_20.png */; };
		B9A024571FFF4C6D001A037B /* ear_21.png in Resources */ = {isa = PBXBuildFile; fileRef = B9A024071FFF4C6C001A037B /* ear_21.png */; };
		B9A024581FFF4C6D001A037B /* ear_22.png in Resources */ = {isa = PBXBuildFile; fileRef = B9A024081FFF4C6C001A037B /* ear_22.png */; };
		B9A024591FFF4C6D001A037B /* ear_23.png in Resources */ = {isa = PBXBuildFile; fileRef = B9A024091FFF4C6C001A037B /* ear_23.png */; };
		B9A0245A1FFF4C6D001A037B /* ear_24.png in Resources */ = {isa = PBXBuildFile; fileRef = B9A0240A1FFF4C6C001A037B /* ear_24.png */; };
		B9A0245B1FFF4C6D001A037B /* ear_25.png in Resources */ = {isa = PBXBuildFile; fileRef = B9A0240B1FFF4C6C001A037B /* ear_25.png */; };
		B9A0245C1FFF4C6D001A037B /* ear_26.png in Resources */ = {isa = PBXBuildFile; fileRef = B9A0240C1FFF4C6C001A037B /* ear_26.png */; };
		B9A0245D1FFF4C6D001A037B /* ear_27.png in Resources */ = {isa = PBXBuildFile; fileRef = B9A0240D1FFF4C6C001A037B /* ear_27.png */; };
		B9A0245E1FFF4C6D001A037B /* ear_28.png in Resources */ = {isa = PBXBuildFile; fileRef = B9A0240E1FFF4C6C001A037B /* ear_28.png */; };
		B9A0245F1FFF4C6D001A037B /* ear_29.png in Resources */ = {isa = PBXBuildFile; fileRef = B9A0240F1FFF4C6C001A037B /* ear_29.png */; };
		B9A024601FFF4C6D001A037B /* ear_3.png in Resources */ = {isa = PBXBuildFile; fileRef = B9A024101FFF4C6C001A037B /* ear_3.png */; };
		B9A024611FFF4C6D001A037B /* ear_30.png in Resources */ = {isa = PBXBuildFile; fileRef = B9A024111FFF4C6C001A037B /* ear_30.png */; };
		B9A024621FFF4C6D001A037B /* ear_31.png in Resources */ = {isa = PBXBuildFile; fileRef = B9A024121FFF4C6C001A037B /* ear_31.png */; };
		B9A024631FFF4C6D001A037B /* ear_32.png in Resources */ = {isa = PBXBuildFile; fileRef = B9A024131FFF4C6C001A037B /* ear_32.png */; };
		B9A024641FFF4C6D001A037B /* ear_33.png in Resources */ = {isa = PBXBuildFile; fileRef = B9A024141FFF4C6C001A037B /* ear_33.png */; };
		B9A024651FFF4C6D001A037B /* ear_34.png in Resources */ = {isa = PBXBuildFile; fileRef = B9A024151FFF4C6C001A037B /* ear_34.png */; };
		B9A024661FFF4C6D001A037B /* ear_35.png in Resources */ = {isa = PBXBuildFile; fileRef = B9A024161FFF4C6C001A037B /* ear_35.png */; };
		B9A024671FFF4C6D001A037B /* ear_36.png in Resources */ = {isa = PBXBuildFile; fileRef = B9A024171FFF4C6C001A037B /* ear_36.png */; };
		B9A024681FFF4C6D001A037B /* ear_37.png in Resources */ = {isa = PBXBuildFile; fileRef = B9A024181FFF4C6C001A037B /* ear_37.png */; };
		B9A024691FFF4C6D001A037B /* ear_38.png in Resources */ = {isa = PBXBuildFile; fileRef = B9A024191FFF4C6C001A037B /* ear_38.png */; };
		B9A0246A1FFF4C6D001A037B /* ear_39.png in Resources */ = {isa = PBXBuildFile; fileRef = B9A0241A1FFF4C6C001A037B /* ear_39.png */; };
		B9A0246B1FFF4C6D001A037B /* ear_4.png in Resources */ = {isa = PBXBuildFile; fileRef = B9A0241B1FFF4C6C001A037B /* ear_4.png */; };
		B9A0246C1FFF4C6D001A037B /* ear_40.png in Resources */ = {isa = PBXBuildFile; fileRef = B9A0241C1FFF4C6C001A037B /* ear_40.png */; };
		B9A0246D1FFF4C6D001A037B /* ear_41.png in Resources */ = {isa = PBXBuildFile; fileRef = B9A0241D1FFF4C6C001A037B /* ear_41.png */; };
		B9A0246E1FFF4C6D001A037B /* ear_42.png in Resources */ = {isa = PBXBuildFile; fileRef = B9A0241E1FFF4C6C001A037B /* ear_42.png */; };
		B9A0246F1FFF4C6D001A037B /* ear_43.png in Resources */ = {isa = PBXBuildFile; fileRef = B9A0241F1FFF4C6C001A037B /* ear_43.png */; };
		B9A024701FFF4C6D001A037B /* ear_44.png in Resources */ = {isa = PBXBuildFile; fileRef = B9A024201FFF4C6C001A037B /* ear_44.png */; };
		B9A024711FFF4C6D001A037B /* ear_45.png in Resources */ = {isa = PBXBuildFile; fileRef = B9A024211FFF4C6C001A037B /* ear_45.png */; };
		B9A024721FFF4C6D001A037B /* ear_46.png in Resources */ = {isa = PBXBuildFile; fileRef = B9A024221FFF4C6C001A037B /* ear_46.png */; };
		B9A024731FFF4C6D001A037B /* ear_47.png in Resources */ = {isa = PBXBuildFile; fileRef = B9A024231FFF4C6C001A037B /* ear_47.png */; };
		B9A024741FFF4C6D001A037B /* ear_48.png in Resources */ = {isa = PBXBuildFile; fileRef = B9A024241FFF4C6C001A037B /* ear_48.png */; };
		B9A024751FFF4C6D001A037B /* ear_49.png in Resources */ = {isa = PBXBuildFile; fileRef = B9A024251FFF4C6C001A037B /* ear_49.png */; };
		B9A024761FFF4C6D001A037B /* ear_5.png in Resources */ = {isa = PBXBuildFile; fileRef = B9A024261FFF4C6C001A037B /* ear_5.png */; };
		B9A024771FFF4C6D001A037B /* ear_50.png in Resources */ = {isa = PBXBuildFile; fileRef = B9A024271FFF4C6D001A037B /* ear_50.png */; };
		B9A024781FFF4C6D001A037B /* ear_51.png in Resources */ = {isa = PBXBuildFile; fileRef = B9A024281FFF4C6D001A037B /* ear_51.png */; };
		B9A024791FFF4C6D001A037B /* ear_52.png in Resources */ = {isa = PBXBuildFile; fileRef = B9A024291FFF4C6D001A037B /* ear_52.png */; };
		B9A0247A1FFF4C6D001A037B /* ear_53.png in Resources */ = {isa = PBXBuildFile; fileRef = B9A0242A1FFF4C6D001A037B /* ear_53.png */; };
		B9A0247B1FFF4C6D001A037B /* ear_54.png in Resources */ = {isa = PBXBuildFile; fileRef = B9A0242B1FFF4C6D001A037B /* ear_54.png */; };
		B9A0247C1FFF4C6D001A037B /* ear_55.png in Resources */ = {isa = PBXBuildFile; fileRef = B9A0242C1FFF4C6D001A037B /* ear_55.png */; };
		B9A0247D1FFF4C6D001A037B /* ear_56.png in Resources */ = {isa = PBXBuildFile; fileRef = B9A0242D1FFF4C6D001A037B /* ear_56.png */; };
		B9A0247E1FFF4C6D001A037B /* ear_57.png in Resources */ = {isa = PBXBuildFile; fileRef = B9A0242E1FFF4C6D001A037B /* ear_57.png */; };
		B9A0247F1FFF4C6D001A037B /* ear_58.png in Resources */ = {isa = PBXBuildFile; fileRef = B9A0242F1FFF4C6D001A037B /* ear_58.png */; };
		B9A024801FFF4C6D001A037B /* ear_59.png in Resources */ = {isa = PBXBuildFile; fileRef = B9A024301FFF4C6D001A037B /* ear_59.png */; };
		B9A024811FFF4C6D001A037B /* ear_6.png in Resources */ = {isa = PBXBuildFile; fileRef = B9A024311FFF4C6D001A037B /* ear_6.png */; };
		B9A024821FFF4C6D001A037B /* ear_60.png in Resources */ = {isa = PBXBuildFile; fileRef = B9A024321FFF4C6D001A037B /* ear_60.png */; };
		B9A024831FFF4C6D001A037B /* ear_61.png in Resources */ = {isa = PBXBuildFile; fileRef = B9A024331FFF4C6D001A037B /* ear_61.png */; };
		B9A024841FFF4C6D001A037B /* ear_62.png in Resources */ = {isa = PBXBuildFile; fileRef = B9A024341FFF4C6D001A037B /* ear_62.png */; };
		B9A024851FFF4C6D001A037B /* ear_63.png in Resources */ = {isa = PBXBuildFile; fileRef = B9A024351FFF4C6D001A037B /* ear_63.png */; };
		B9A024861FFF4C6D001A037B /* ear_64.png in Resources */ = {isa = PBXBuildFile; fileRef = B9A024361FFF4C6D001A037B /* ear_64.png */; };
		B9A024871FFF4C6D001A037B /* ear_65.png in Resources */ = {isa = PBXBuildFile; fileRef = B9A024371FFF4C6D001A037B /* ear_65.png */; };
		B9A024881FFF4C6D001A037B /* ear_66.png in Resources */ = {isa = PBXBuildFile; fileRef = B9A024381FFF4C6D001A037B /* ear_66.png */; };
		B9A024891FFF4C6D001A037B /* ear_67.png in Resources */ = {isa = PBXBuildFile; fileRef = B9A024391FFF4C6D001A037B /* ear_67.png */; };
		B9A0248A1FFF4C6D001A037B /* ear_68.png in Resources */ = {isa = PBXBuildFile; fileRef = B9A0243A1FFF4C6D001A037B /* ear_68.png */; };
		B9A0248B1FFF4C6D001A037B /* ear_69.png in Resources */ = {isa = PBXBuildFile; fileRef = B9A0243B1FFF4C6D001A037B /* ear_69.png */; };
		B9A0248C1FFF4C6D001A037B /* ear_7.png in Resources */ = {isa = PBXBuildFile; fileRef = B9A0243C1FFF4C6D001A037B /* ear_7.png */; };
		B9A0248D1FFF4C6D001A037B /* ear_70.png in Resources */ = {isa = PBXBuildFile; fileRef = B9A0243D1FFF4C6D001A037B /* ear_70.png */; };
		B9A0248E1FFF4C6D001A037B /* ear_71.png in Resources */ = {isa = PBXBuildFile; fileRef = B9A0243E1FFF4C6D001A037B /* ear_71.png */; };
		B9A0248F1FFF4C6D001A037B /* ear_72.png in Resources */ = {isa = PBXBuildFile; fileRef = B9A0243F1FFF4C6D001A037B /* ear_72.png */; };
		B9A024901FFF4C6D001A037B /* ear_73.png in Resources */ = {isa = PBXBuildFile; fileRef = B9A024401FFF4C6D001A037B /* ear_73.png */; };
		B9A024911FFF4C6D001A037B /* ear_74.png in Resources */ = {isa = PBXBuildFile; fileRef = B9A024411FFF4C6D001A037B /* ear_74.png */; };
		B9A024921FFF4C6D001A037B /* ear_75.png in Resources */ = {isa = PBXBuildFile; fileRef = B9A024421FFF4C6D001A037B /* ear_75.png */; };
		B9A024931FFF4C6D001A037B /* ear_76.png in Resources */ = {isa = PBXBuildFile; fileRef = B9A024431FFF4C6D001A037B /* ear_76.png */; };
		B9A024941FFF4C6D001A037B /* ear_77.png in Resources */ = {isa = PBXBuildFile; fileRef = B9A024441FFF4C6D001A037B /* ear_77.png */; };
		B9A024951FFF4C6D001A037B /* ear_78.png in Resources */ = {isa = PBXBuildFile; fileRef = B9A024451FFF4C6D001A037B /* ear_78.png */; };
		B9A024961FFF4C6D001A037B /* ear_79.png in Resources */ = {isa = PBXBuildFile; fileRef = B9A024461FFF4C6D001A037B /* ear_79.png */; };
		B9A024971FFF4C6D001A037B /* ear_8.png in Resources */ = {isa = PBXBuildFile; fileRef = B9A024471FFF4C6D001A037B /* ear_8.png */; };
		B9A024981FFF4C6D001A037B /* ear_9.png in Resources */ = {isa = PBXBuildFile; fileRef = B9A024481FFF4C6D001A037B /* ear_9.png */; };
/* End PBXBuildFile section */

/* Begin PBXContainerItemProxy section */
		B9377D851F68DA5A00CC06D8 /* PBXContainerItemProxy */ = {
			isa = PBXContainerItemProxy;
			containerPortal = B9377D631F68DA5900CC06D8 /* Project object */;
			proxyType = 1;
			remoteGlobalIDString = B9377D6A1F68DA5900CC06D8;
			remoteInfo = FQFaceRecognizeSample;
		};
		B9377D901F68DA5B00CC06D8 /* PBXContainerItemProxy */ = {
			isa = PBXContainerItemProxy;
			containerPortal = B9377D631F68DA5900CC06D8 /* Project object */;
			proxyType = 1;
			remoteGlobalIDString = B9377D6A1F68DA5900CC06D8;
			remoteInfo = FQFaceRecognizeSample;
		};
/* End PBXContainerItemProxy section */

/* Begin PBXFileReference section */
		B9064D40211D85A100CA554A /* opencv2.framework */ = {isa = PBXFileReference; lastKnownFileType = wrapper.framework; path = opencv2.framework; sourceTree = "<group>"; };
		B9064D42211D873600CA554A /* FQOpencvRecognizeViewController.h */ = {isa = PBXFileReference; lastKnownFileType = sourcecode.c.h; path = FQOpencvRecognizeViewController.h; sourceTree = "<group>"; };
		B9064D43211D873600CA554A /* FQOpencvRecognizeViewController.mm */ = {isa = PBXFileReference; lastKnownFileType = sourcecode.cpp.objcpp; path = FQOpencvRecognizeViewController.mm; sourceTree = "<group>"; };
		B9064D45211D986800CA554A /* PrefixHeader.pch */ = {isa = PBXFileReference; lastKnownFileType = sourcecode.c.h; path = PrefixHeader.pch; sourceTree = "<group>"; };
		B9064D4A211E83BF00CA554A /* shape_predictor_68_face_landmarks.dat */ = {isa = PBXFileReference; lastKnownFileType = file; path = shape_predictor_68_face_landmarks.dat; sourceTree = "<group>"; };
		B9065273211E83C700CA554A /* libdlib.a */ = {isa = PBXFileReference; lastKnownFileType = archive.ar; path = libdlib.a; sourceTree = "<group>"; };
		B90653AF211E858500CA554A /* FQFacePointWrapper.h */ = {isa = PBXFileReference; lastKnownFileType = sourcecode.c.h; path = FQFacePointWrapper.h; sourceTree = "<group>"; };
		B90653B0211E858500CA554A /* FQFacePointWrapper.mm */ = {isa = PBXFileReference; lastKnownFileType = sourcecode.cpp.objcpp; path = FQFacePointWrapper.mm; sourceTree = "<group>"; };
		B90653B3211E85B700CA554A /* Accelerate.framework */ = {isa = PBXFileReference; lastKnownFileType = wrapper.framework; name = Accelerate.framework; path = System/Library/Frameworks/Accelerate.framework; sourceTree = SDKROOT; };
		B90653B5211E85C000CA554A /* AssetsLibrary.framework */ = {isa = PBXFileReference; lastKnownFileType = wrapper.framework; name = AssetsLibrary.framework; path = System/Library/Frameworks/AssetsLibrary.framework; sourceTree = SDKROOT; };
		B9377D6B1F68DA5900CC06D8 /* FQFaceRecognizeSample.app */ = {isa = PBXFileReference; explicitFileType = wrapper.application; includeInIndex = 0; path = FQFaceRecognizeSample.app; sourceTree = BUILT_PRODUCTS_DIR; };
		B9377D6F1F68DA5900CC06D8 /* main.m */ = {isa = PBXFileReference; lastKnownFileType = sourcecode.c.objc; path = main.m; sourceTree = "<group>"; };
		B9377D711F68DA5900CC06D8 /* AppDelegate.h */ = {isa = PBXFileReference; lastKnownFileType = sourcecode.c.h; path = AppDelegate.h; sourceTree = "<group>"; };
		B9377D721F68DA5900CC06D8 /* AppDelegate.m */ = {isa = PBXFileReference; lastKnownFileType = sourcecode.c.objc; path = AppDelegate.m; sourceTree = "<group>"; };
		B9377D741F68DA5A00CC06D8 /* ViewController.h */ = {isa = PBXFileReference; lastKnownFileType = sourcecode.c.h; path = ViewController.h; sourceTree = "<group>"; };
		B9377D751F68DA5A00CC06D8 /* ViewController.m */ = {isa = PBXFileReference; lastKnownFileType = sourcecode.c.objc; path = ViewController.m; sourceTree = "<group>"; };
		B9377D781F68DA5A00CC06D8 /* Base */ = {isa = PBXFileReference; lastKnownFileType = file.storyboard; name = Base; path = Base.lproj/Main.storyboard; sourceTree = "<group>"; };
		B9377D7A1F68DA5A00CC06D8 /* Assets.xcassets */ = {isa = PBXFileReference; lastKnownFileType = folder.assetcatalog; path = Assets.xcassets; sourceTree = "<group>"; };
		B9377D7D1F68DA5A00CC06D8 /* Base */ = {isa = PBXFileReference; lastKnownFileType = file.storyboard; name = Base; path = Base.lproj/LaunchScreen.storyboard; sourceTree = "<group>"; };
		B9377D7F1F68DA5A00CC06D8 /* Info.plist */ = {isa = PBXFileReference; lastKnownFileType = text.plist.xml; path = Info.plist; sourceTree = "<group>"; };
		B9377D841F68DA5A00CC06D8 /* FQFaceRecognizeSampleTests.xctest */ = {isa = PBXFileReference; explicitFileType = wrapper.cfbundle; includeInIndex = 0; path = FQFaceRecognizeSampleTests.xctest; sourceTree = BUILT_PRODUCTS_DIR; };
		B9377D881F68DA5B00CC06D8 /* FQFaceRecognizeSampleTests.m */ = {isa = PBXFileReference; lastKnownFileType = sourcecode.c.objc; path = FQFaceRecognizeSampleTests.m; sourceTree = "<group>"; };
		B9377D8A1F68DA5B00CC06D8 /* Info.plist */ = {isa = PBXFileReference; lastKnownFileType = text.plist.xml; path = Info.plist; sourceTree = "<group>"; };
		B9377D8F1F68DA5B00CC06D8 /* FQFaceRecognizeSampleUITests.xctest */ = {isa = PBXFileReference; explicitFileType = wrapper.cfbundle; includeInIndex = 0; path = FQFaceRecognizeSampleUITests.xctest; sourceTree = BUILT_PRODUCTS_DIR; };
		B9377D931F68DA5B00CC06D8 /* FQFaceRecognizeSampleUITests.m */ = {isa = PBXFileReference; lastKnownFileType = sourcecode.c.objc; path = FQFaceRecognizeSampleUITests.m; sourceTree = "<group>"; };
		B9377D951F68DA5B00CC06D8 /* Info.plist */ = {isa = PBXFileReference; lastKnownFileType = text.plist.xml; path = Info.plist; sourceTree = "<group>"; };
		B9377DA21F68E0C000CC06D8 /* FQImageRecognizeViewController.h */ = {isa = PBXFileReference; fileEncoding = 4; lastKnownFileType = sourcecode.c.h; path = FQImageRecognizeViewController.h; sourceTree = "<group>"; };
		B9377DA31F68E0C000CC06D8 /* FQImageRecognizeViewController.m */ = {isa = PBXFileReference; fileEncoding = 4; lastKnownFileType = sourcecode.c.objc; path = FQImageRecognizeViewController.m; sourceTree = "<group>"; };
		B9377DA51F68EFB400CC06D8 /* UIImage+Extension.h */ = {isa = PBXFileReference; fileEncoding = 4; lastKnownFileType = sourcecode.c.h; path = "UIImage+Extension.h"; sourceTree = "<group>"; };
		B9377DA61F68EFB400CC06D8 /* UIImage+Extension.m */ = {isa = PBXFileReference; fileEncoding = 4; lastKnownFileType = sourcecode.c.objc; path = "UIImage+Extension.m"; sourceTree = "<group>"; };
		B9377DAC1F691A4500CC06D8 /* 2.jpg */ = {isa = PBXFileReference; lastKnownFileType = image.jpeg; path = 2.jpg; sourceTree = "<group>"; };
		B9377DAE1F691B7F00CC06D8 /* FQVideoRecognizeViewController.h */ = {isa = PBXFileReference; fileEncoding = 4; lastKnownFileType = sourcecode.c.h; path = FQVideoRecognizeViewController.h; sourceTree = "<group>"; };
		B9377DAF1F691B7F00CC06D8 /* FQVideoRecognizeViewController.m */ = {isa = PBXFileReference; fileEncoding = 4; lastKnownFileType = sourcecode.c.objc; path = FQVideoRecognizeViewController.m; sourceTree = "<group>"; };
		B9377DB31F6920D900CC06D8 /* 1.jpg */ = {isa = PBXFileReference; lastKnownFileType = image.jpeg; path = 1.jpg; sourceTree = "<group>"; };
		B9377DB41F6920D900CC06D8 /* 3.jpg */ = {isa = PBXFileReference; lastKnownFileType = image.jpeg; path = 3.jpg; sourceTree = "<group>"; };
		B9A023F91FFF4C6C001A037B /* ear_0.png */ = {isa = PBXFileReference; lastKnownFileType = image.png; path = ear_0.png; sourceTree = "<group>"; };
		B9A023FA1FFF4C6C001A037B /* ear_1.png */ = {isa = PBXFileReference; lastKnownFileType = image.png; path = ear_1.png; sourceTree = "<group>"; };
		B9A023FB1FFF4C6C001A037B /* ear_10.png */ = {isa = PBXFileReference; lastKnownFileType = image.png; path = ear_10.png; sourceTree = "<group>"; };
		B9A023FC1FFF4C6C001A037B /* ear_11.png */ = {isa = PBXFileReference; lastKnownFileType = image.png; path = ear_11.png; sourceTree = "<group>"; };
		B9A023FD1FFF4C6C001A037B /* ear_12.png */ = {isa = PBXFileReference; lastKnownFileType = image.png; path = ear_12.png; sourceTree = "<group>"; };
		B9A023FE1FFF4C6C001A037B /* ear_13.png */ = {isa = PBXFileReference; lastKnownFileType = image.png; path = ear_13.png; sourceTree = "<group>"; };
		B9A023FF1FFF4C6C001A037B /* ear_14.png */ = {isa = PBXFileReference; lastKnownFileType = image.png; path = ear_14.png; sourceTree = "<group>"; };
		B9A024001FFF4C6C001A037B /* ear_15.png */ = {isa = PBXFileReference; lastKnownFileType = image.png; path = ear_15.png; sourceTree = "<group>"; };
		B9A024011FFF4C6C001A037B /* ear_16.png */ = {isa = PBXFileReference; lastKnownFileType = image.png; path = ear_16.png; sourceTree = "<group>"; };
		B9A024021FFF4C6C001A037B /* ear_17.png */ = {isa = PBXFileReference; lastKnownFileType = image.png; path = ear_17.png; sourceTree = "<group>"; };
		B9A024031FFF4C6C001A037B /* ear_18.png */ = {isa = PBXFileReference; lastKnownFileType = image.png; path = ear_18.png; sourceTree = "<group>"; };
		B9A024041FFF4C6C001A037B /* ear_19.png */ = {isa = PBXFileReference; lastKnownFileType = image.png; path = ear_19.png; sourceTree = "<group>"; };
		B9A024051FFF4C6C001A037B /* ear_2.png */ = {isa = PBXFileReference; lastKnownFileType = image.png; path = ear_2.png; sourceTree = "<group>"; };
		B9A024061FFF4C6C001A037B /* ear_20.png */ = {isa = PBXFileReference; lastKnownFileType = image.png; path = ear_20.png; sourceTree = "<group>"; };
		B9A024071FFF4C6C001A037B /* ear_21.png */ = {isa = PBXFileReference; lastKnownFileType = image.png; path = ear_21.png; sourceTree = "<group>"; };
		B9A024081FFF4C6C001A037B /* ear_22.png */ = {isa = PBXFileReference; lastKnownFileType = image.png; path = ear_22.png; sourceTree = "<group>"; };
		B9A024091FFF4C6C001A037B /* ear_23.png */ = {isa = PBXFileReference; lastKnownFileType = image.png; path = ear_23.png; sourceTree = "<group>"; };
		B9A0240A1FFF4C6C001A037B /* ear_24.png */ = {isa = PBXFileReference; lastKnownFileType = image.png; path = ear_24.png; sourceTree = "<group>"; };
		B9A0240B1FFF4C6C001A037B /* ear_25.png */ = {isa = PBXFileReference; lastKnownFileType = image.png; path = ear_25.png; sourceTree = "<group>"; };
		B9A0240C1FFF4C6C001A037B /* ear_26.png */ = {isa = PBXFileReference; lastKnownFileType = image.png; path = ear_26.png; sourceTree = "<group>"; };
		B9A0240D1FFF4C6C001A037B /* ear_27.png */ = {isa = PBXFileReference; lastKnownFileType = image.png; path = ear_27.png; sourceTree = "<group>"; };
		B9A0240E1FFF4C6C001A037B /* ear_28.png */ = {isa = PBXFileReference; lastKnownFileType = image.png; path = ear_28.png; sourceTree = "<group>"; };
		B9A0240F1FFF4C6C001A037B /* ear_29.png */ = {isa = PBXFileReference; lastKnownFileType = image.png; path = ear_29.png; sourceTree = "<group>"; };
		B9A024101FFF4C6C001A037B /* ear_3.png */ = {isa = PBXFileReference; lastKnownFileType = image.png; path = ear_3.png; sourceTree = "<group>"; };
		B9A024111FFF4C6C001A037B /* ear_30.png */ = {isa = PBXFileReference; lastKnownFileType = image.png; path = ear_30.png; sourceTree = "<group>"; };
		B9A024121FFF4C6C001A037B /* ear_31.png */ = {isa = PBXFileReference; lastKnownFileType = image.png; path = ear_31.png; sourceTree = "<group>"; };
		B9A024131FFF4C6C001A037B /* ear_32.png */ = {isa = PBXFileReference; lastKnownFileType = image.png; path = ear_32.png; sourceTree = "<group>"; };
		B9A024141FFF4C6C001A037B /* ear_33.png */ = {isa = PBXFileReference; lastKnownFileType = image.png; path = ear_33.png; sourceTree = "<group>"; };
		B9A024151FFF4C6C001A037B /* ear_34.png */ = {isa = PBXFileReference; lastKnownFileType = image.png; path = ear_34.png; sourceTree = "<group>"; };
		B9A024161FFF4C6C001A037B /* ear_35.png */ = {isa = PBXFileReference; lastKnownFileType = image.png; path = ear_35.png; sourceTree = "<group>"; };
		B9A024171FFF4C6C001A037B /* ear_36.png */ = {isa = PBXFileReference; lastKnownFileType = image.png; path = ear_36.png; sourceTree = "<group>"; };
		B9A024181FFF4C6C001A037B /* ear_37.png */ = {isa = PBXFileReference; lastKnownFileType = image.png; path = ear_37.png; sourceTree = "<group>"; };
		B9A024191FFF4C6C001A037B /* ear_38.png */ = {isa = PBXFileReference; lastKnownFileType = image.png; path = ear_38.png; sourceTree = "<group>"; };
		B9A0241A1FFF4C6C001A037B /* ear_39.png */ = {isa = PBXFileReference; lastKnownFileType = image.png; path = ear_39.png; sourceTree = "<group>"; };
		B9A0241B1FFF4C6C001A037B /* ear_4.png */ = {isa = PBXFileReference; lastKnownFileType = image.png; path = ear_4.png; sourceTree = "<group>"; };
		B9A0241C1FFF4C6C001A037B /* ear_40.png */ = {isa = PBXFileReference; lastKnownFileType = image.png; path = ear_40.png; sourceTree = "<group>"; };
		B9A0241D1FFF4C6C001A037B /* ear_41.png */ = {isa = PBXFileReference; lastKnownFileType = image.png; path = ear_41.png; sourceTree = "<group>"; };
		B9A0241E1FFF4C6C001A037B /* ear_42.png */ = {isa = PBXFileReference; lastKnownFileType = image.png; path = ear_42.png; sourceTree = "<group>"; };
		B9A0241F1FFF4C6C001A037B /* ear_43.png */ = {isa = PBXFileReference; lastKnownFileType = image.png; path = ear_43.png; sourceTree = "<group>"; };
		B9A024201FFF4C6C001A037B /* ear_44.png */ = {isa = PBXFileReference; lastKnownFileType = image.png; path = ear_44.png; sourceTree = "<group>"; };
		B9A024211FFF4C6C001A037B /* ear_45.png */ = {isa = PBXFileReference; lastKnownFileType = image.png; path = ear_45.png; sourceTree = "<group>"; };
		B9A024221FFF4C6C001A037B /* ear_46.png */ = {isa = PBXFileReference; lastKnownFileType = image.png; path = ear_46.png; sourceTree = "<group>"; };
		B9A024231FFF4C6C001A037B /* ear_47.png */ = {isa = PBXFileReference; lastKnownFileType = image.png; path = ear_47.png; sourceTree = "<group>"; };
		B9A024241FFF4C6C001A037B /* ear_48.png */ = {isa = PBXFileReference; lastKnownFileType = image.png; path = ear_48.png; sourceTree = "<group>"; };
		B9A024251FFF4C6C001A037B /* ear_49.png */ = {isa = PBXFileReference; lastKnownFileType = image.png; path = ear_49.png; sourceTree = "<group>"; };
		B9A024261FFF4C6C001A037B /* ear_5.png */ = {isa = PBXFileReference; lastKnownFileType = image.png; path = ear_5.png; sourceTree = "<group>"; };
		B9A024271FFF4C6D001A037B /* ear_50.png */ = {isa = PBXFileReference; lastKnownFileType = image.png; path = ear_50.png; sourceTree = "<group>"; };
		B9A024281FFF4C6D001A037B /* ear_51.png */ = {isa = PBXFileReference; lastKnownFileType = image.png; path = ear_51.png; sourceTree = "<group>"; };
		B9A024291FFF4C6D001A037B /* ear_52.png */ = {isa = PBXFileReference; lastKnownFileType = image.png; path = ear_52.png; sourceTree = "<group>"; };
		B9A0242A1FFF4C6D001A037B /* ear_53.png */ = {isa = PBXFileReference; lastKnownFileType = image.png; path = ear_53.png; sourceTree = "<group>"; };
		B9A0242B1FFF4C6D001A037B /* ear_54.png */ = {isa = PBXFileReference; lastKnownFileType = image.png; path = ear_54.png; sourceTree = "<group>"; };
		B9A0242C1FFF4C6D001A037B /* ear_55.png */ = {isa = PBXFileReference; lastKnownFileType = image.png; path = ear_55.png; sourceTree = "<group>"; };
		B9A0242D1FFF4C6D001A037B /* ear_56.png */ = {isa = PBXFileReference; lastKnownFileType = image.png; path = ear_56.png; sourceTree = "<group>"; };
		B9A0242E1FFF4C6D001A037B /* ear_57.png */ = {isa = PBXFileReference; lastKnownFileType = image.png; path = ear_57.png; sourceTree = "<group>"; };
		B9A0242F1FFF4C6D001A037B /* ear_58.png */ = {isa = PBXFileReference; lastKnownFileType = image.png; path = ear_58.png; sourceTree = "<group>"; };
		B9A024301FFF4C6D001A037B /* ear_59.png */ = {isa = PBXFileReference; lastKnownFileType = image.png; path = ear_59.png; sourceTree = "<group>"; };
		B9A024311FFF4C6D001A037B /* ear_6.png */ = {isa = PBXFileReference; lastKnownFileType = image.png; path = ear_6.png; sourceTree = "<group>"; };
		B9A024321FFF4C6D001A037B /* ear_60.png */ = {isa = PBXFileReference; lastKnownFileType = image.png; path = ear_60.png; sourceTree = "<group>"; };
		B9A024331FFF4C6D001A037B /* ear_61.png */ = {isa = PBXFileReference; lastKnownFileType = image.png; path = ear_61.png; sourceTree = "<group>"; };
		B9A024341FFF4C6D001A037B /* ear_62.png */ = {isa = PBXFileReference; lastKnownFileType = image.png; path = ear_62.png; sourceTree = "<group>"; };
		B9A024351FFF4C6D001A037B /* ear_63.png */ = {isa = PBXFileReference; lastKnownFileType = image.png; path = ear_63.png; sourceTree = "<group>"; };
		B9A024361FFF4C6D001A037B /* ear_64.png */ = {isa = PBXFileReference; lastKnownFileType = image.png; path = ear_64.png; sourceTree = "<group>"; };
		B9A024371FFF4C6D001A037B /* ear_65.png */ = {isa = PBXFileReference; lastKnownFileType = image.png; path = ear_65.png; sourceTree = "<group>"; };
		B9A024381FFF4C6D001A037B /* ear_66.png */ = {isa = PBXFileReference; lastKnownFileType = image.png; path = ear_66.png; sourceTree = "<group>"; };
		B9A024391FFF4C6D001A037B /* ear_67.png */ = {isa = PBXFileReference; lastKnownFileType = image.png; path = ear_67.png; sourceTree = "<group>"; };
		B9A0243A1FFF4C6D001A037B /* ear_68.png */ = {isa = PBXFileReference; lastKnownFileType = image.png; path = ear_68.png; sourceTree = "<group>"; };
		B9A0243B1FFF4C6D001A037B /* ear_69.png */ = {isa = PBXFileReference; lastKnownFileType = image.png; path = ear_69.png; sourceTree = "<group>"; };
		B9A0243C1FFF4C6D001A037B /* ear_7.png */ = {isa = PBXFileReference; lastKnownFileType = image.png; path = ear_7.png; sourceTree = "<group>"; };
		B9A0243D1FFF4C6D001A037B /* ear_70.png */ = {isa = PBXFileReference; lastKnownFileType = image.png; path = ear_70.png; sourceTree = "<group>"; };
		B9A0243E1FFF4C6D001A037B /* ear_71.png */ = {isa = PBXFileReference; lastKnownFileType = image.png; path = ear_71.png; sourceTree = "<group>"; };
		B9A0243F1FFF4C6D001A037B /* ear_72.png */ = {isa = PBXFileReference; lastKnownFileType = image.png; path = ear_72.png; sourceTree = "<group>"; };
		B9A024401FFF4C6D001A037B /* ear_73.png */ = {isa = PBXFileReference; lastKnownFileType = image.png; path = ear_73.png; sourceTree = "<group>"; };
		B9A024411FFF4C6D001A037B /* ear_74.png */ = {isa = PBXFileReference; lastKnownFileType = image.png; path = ear_74.png; sourceTree = "<group>"; };
		B9A024421FFF4C6D001A037B /* ear_75.png */ = {isa = PBXFileReference; lastKnownFileType = image.png; path = ear_75.png; sourceTree = "<group>"; };
		B9A024431FFF4C6D001A037B /* ear_76.png */ = {isa = PBXFileReference; lastKnownFileType = image.png; path = ear_76.png; sourceTree = "<group>"; };
		B9A024441FFF4C6D001A037B /* ear_77.png */ = {isa = PBXFileReference; lastKnownFileType = image.png; path = ear_77.png; sourceTree = "<group>"; };
		B9A024451FFF4C6D001A037B /* ear_78.png */ = {isa = PBXFileReference; lastKnownFileType = image.png; path = ear_78.png; sourceTree = "<group>"; };
		B9A024461FFF4C6D001A037B /* ear_79.png */ = {isa = PBXFileReference; lastKnownFileType = image.png; path = ear_79.png; sourceTree = "<group>"; };
		B9A024471FFF4C6D001A037B /* ear_8.png */ = {isa = PBXFileReference; lastKnownFileType = image.png; path = ear_8.png; sourceTree = "<group>"; };
		B9A024481FFF4C6D001A037B /* ear_9.png */ = {isa = PBXFileReference; lastKnownFileType = image.png; path = ear_9.png; sourceTree = "<group>"; };
/* End PBXFileReference section */

/* Begin PBXFrameworksBuildPhase section */
		B9377D681F68DA5900CC06D8 /* Frameworks */ = {
			isa = PBXFrameworksBuildPhase;
			buildActionMask = 2147483647;
			files = (
				B9065A19211E8CB200CA554A /* AssetsLibrary.framework in Frameworks */,
				B9065A18211E8CAC00CA554A /* Accelerate.framework in Frameworks */,
				B90653AE211E83C800CA554A /* libdlib.a in Frameworks */,
				B9064D41211D85A100CA554A /* opencv2.framework in Frameworks */,
			);
			runOnlyForDeploymentPostprocessing = 0;
		};
		B9377D811F68DA5A00CC06D8 /* Frameworks */ = {
			isa = PBXFrameworksBuildPhase;
			buildActionMask = 2147483647;
			files = (
			);
			runOnlyForDeploymentPostprocessing = 0;
		};
		B9377D8C1F68DA5B00CC06D8 /* Frameworks */ = {
			isa = PBXFrameworksBuildPhase;
			buildActionMask = 2147483647;
			files = (
			);
			runOnlyForDeploymentPostprocessing = 0;
		};
/* End PBXFrameworksBuildPhase section */

/* Begin PBXGroup section */
		B9064D3F211D85A100CA554A /* Vendor */ = {
			isa = PBXGroup;
			children = (
				B9065273211E83C700CA554A /* libdlib.a */,
				B9064D4A211E83BF00CA554A /* shape_predictor_68_face_landmarks.dat */,
				B9064D40211D85A100CA554A /* opencv2.framework */,
			);
			path = Vendor;
			sourceTree = "<group>";
		};
		B90653B2211E85B700CA554A /* Frameworks */ = {
			isa = PBXGroup;
			children = (
				B90653B5211E85C000CA554A /* AssetsLibrary.framework */,
				B90653B3211E85B700CA554A /* Accelerate.framework */,
			);
			name = Frameworks;
			sourceTree = "<group>";
		};
		B9377D621F68DA5900CC06D8 = {
			isa = PBXGroup;
			children = (
				B9377D6D1F68DA5900CC06D8 /* FQFaceRecognizeSample */,
				B9377D871F68DA5A00CC06D8 /* FQFaceRecognizeSampleTests */,
				B9377D921F68DA5B00CC06D8 /* FQFaceRecognizeSampleUITests */,
				B9377D6C1F68DA5900CC06D8 /* Products */,
				B90653B2211E85B700CA554A /* Frameworks */,
			);
			sourceTree = "<group>";
		};
		B9377D6C1F68DA5900CC06D8 /* Products */ = {
			isa = PBXGroup;
			children = (
				B9377D6B1F68DA5900CC06D8 /* FQFaceRecognizeSample.app */,
				B9377D841F68DA5A00CC06D8 /* FQFaceRecognizeSampleTests.xctest */,
				B9377D8F1F68DA5B00CC06D8 /* FQFaceRecognizeSampleUITests.xctest */,
			);
			name = Products;
			sourceTree = "<group>";
		};
		B9377D6D1F68DA5900CC06D8 /* FQFaceRecognizeSample */ = {
			isa = PBXGroup;
			children = (
				B9064D3F211D85A100CA554A /* Vendor */,
				B9A023F81FFF4C6C001A037B /* Resources */,
				B9377DB31F6920D900CC06D8 /* 1.jpg */,
				B9377DB41F6920D900CC06D8 /* 3.jpg */,
				B9377DAC1F691A4500CC06D8 /* 2.jpg */,
				B9377DA11F68DF2700CC06D8 /* FaceRecognize */,
				B9377D711F68DA5900CC06D8 /* AppDelegate.h */,
				B9377D721F68DA5900CC06D8 /* AppDelegate.m */,
				B9377D741F68DA5A00CC06D8 /* ViewController.h */,
				B9377D751F68DA5A00CC06D8 /* ViewController.m */,
				B9377D771F68DA5A00CC06D8 /* Main.storyboard */,
				B9377D7A1F68DA5A00CC06D8 /* Assets.xcassets */,
				B9377D7C1F68DA5A00CC06D8 /* LaunchScreen.storyboard */,
				B9377D7F1F68DA5A00CC06D8 /* Info.plist */,
				B9377D6E1F68DA5900CC06D8 /* Supporting Files */,
				B9377DA51F68EFB400CC06D8 /* UIImage+Extension.h */,
				B9377DA61F68EFB400CC06D8 /* UIImage+Extension.m */,
			);
			path = FQFaceRecognizeSample;
			sourceTree = "<group>";
		};
		B9377D6E1F68DA5900CC06D8 /* Supporting Files */ = {
			isa = PBXGroup;
			children = (
				B9377D6F1F68DA5900CC06D8 /* main.m */,
				B9064D45211D986800CA554A /* PrefixHeader.pch */,
			);
			name = "Supporting Files";
			sourceTree = "<group>";
		};
		B9377D871F68DA5A00CC06D8 /* FQFaceRecognizeSampleTests */ = {
			isa = PBXGroup;
			children = (
				B9377D881F68DA5B00CC06D8 /* FQFaceRecognizeSampleTests.m */,
				B9377D8A1F68DA5B00CC06D8 /* Info.plist */,
			);
			path = FQFaceRecognizeSampleTests;
			sourceTree = "<group>";
		};
		B9377D921F68DA5B00CC06D8 /* FQFaceRecognizeSampleUITests */ = {
			isa = PBXGroup;
			children = (
				B9377D931F68DA5B00CC06D8 /* FQFaceRecognizeSampleUITests.m */,
				B9377D951F68DA5B00CC06D8 /* Info.plist */,
			);
			path = FQFaceRecognizeSampleUITests;
			sourceTree = "<group>";
		};
		B9377DA11F68DF2700CC06D8 /* FaceRecognize */ = {
			isa = PBXGroup;
			children = (
				B9377DA21F68E0C000CC06D8 /* FQImageRecognizeViewController.h */,
				B9377DA31F68E0C000CC06D8 /* FQImageRecognizeViewController.m */,
				B9377DAE1F691B7F00CC06D8 /* FQVideoRecognizeViewController.h */,
				B9377DAF1F691B7F00CC06D8 /* FQVideoRecognizeViewController.m */,
				B9064D42211D873600CA554A /* FQOpencvRecognizeViewController.h */,
				B9064D43211D873600CA554A /* FQOpencvRecognizeViewController.mm */,
				B90653AF211E858500CA554A /* FQFacePointWrapper.h */,
				B90653B0211E858500CA554A /* FQFacePointWrapper.mm */,
			);
			path = FaceRecognize;
			sourceTree = "<group>";
		};
		B9A023F81FFF4C6C001A037B /* Resources */ = {
			isa = PBXGroup;
			children = (
				B9A023F91FFF4C6C001A037B /* ear_0.png */,
				B9A023FA1FFF4C6C001A037B /* ear_1.png */,
				B9A023FB1FFF4C6C001A037B /* ear_10.png */,
				B9A023FC1FFF4C6C001A037B /* ear_11.png */,
				B9A023FD1FFF4C6C001A037B /* ear_12.png */,
				B9A023FE1FFF4C6C001A037B /* ear_13.png */,
				B9A023FF1FFF4C6C001A037B /* ear_14.png */,
				B9A024001FFF4C6C001A037B /* ear_15.png */,
				B9A024011FFF4C6C001A037B /* ear_16.png */,
				B9A024021FFF4C6C001A037B /* ear_17.png */,
				B9A024031FFF4C6C001A037B /* ear_18.png */,
				B9A024041FFF4C6C001A037B /* ear_19.png */,
				B9A024051FFF4C6C001A037B /* ear_2.png */,
				B9A024061FFF4C6C001A037B /* ear_20.png */,
				B9A024071FFF4C6C001A037B /* ear_21.png */,
				B9A024081FFF4C6C001A037B /* ear_22.png */,
				B9A024091FFF4C6C001A037B /* ear_23.png */,
				B9A0240A1FFF4C6C001A037B /* ear_24.png */,
				B9A0240B1FFF4C6C001A037B /* ear_25.png */,
				B9A0240C1FFF4C6C001A037B /* ear_26.png */,
				B9A0240D1FFF4C6C001A037B /* ear_27.png */,
				B9A0240E1FFF4C6C001A037B /* ear_28.png */,
				B9A0240F1FFF4C6C001A037B /* ear_29.png */,
				B9A024101FFF4C6C001A037B /* ear_3.png */,
				B9A024111FFF4C6C001A037B /* ear_30.png */,
				B9A024121FFF4C6C001A037B /* ear_31.png */,
				B9A024131FFF4C6C001A037B /* ear_32.png */,
				B9A024141FFF4C6C001A037B /* ear_33.png */,
				B9A024151FFF4C6C001A037B /* ear_34.png */,
				B9A024161FFF4C6C001A037B /* ear_35.png */,
				B9A024171FFF4C6C001A037B /* ear_36.png */,
				B9A024181FFF4C6C001A037B /* ear_37.png */,
				B9A024191FFF4C6C001A037B /* ear_38.png */,
				B9A0241A1FFF4C6C001A037B /* ear_39.png */,
				B9A0241B1FFF4C6C001A037B /* ear_4.png */,
				B9A0241C1FFF4C6C001A037B /* ear_40.png */,
				B9A0241D1FFF4C6C001A037B /* ear_41.png */,
				B9A0241E1FFF4C6C001A037B /* ear_42.png */,
				B9A0241F1FFF4C6C001A037B /* ear_43.png */,
				B9A024201FFF4C6C001A037B /* ear_44.png */,
				B9A024211FFF4C6C001A037B /* ear_45.png */,
				B9A024221FFF4C6C001A037B /* ear_46.png */,
				B9A024231FFF4C6C001A037B /* ear_47.png */,
				B9A024241FFF4C6C001A037B /* ear_48.png */,
				B9A024251FFF4C6C001A037B /* ear_49.png */,
				B9A024261FFF4C6C001A037B /* ear_5.png */,
				B9A024271FFF4C6D001A037B /* ear_50.png */,
				B9A024281FFF4C6D001A037B /* ear_51.png */,
				B9A024291FFF4C6D001A037B /* ear_52.png */,
				B9A0242A1FFF4C6D001A037B /* ear_53.png */,
				B9A0242B1FFF4C6D001A037B /* ear_54.png */,
				B9A0242C1FFF4C6D001A037B /* ear_55.png */,
				B9A0242D1FFF4C6D001A037B /* ear_56.png */,
				B9A0242E1FFF4C6D001A037B /* ear_57.png */,
				B9A0242F1FFF4C6D001A037B /* ear_58.png */,
				B9A024301FFF4C6D001A037B /* ear_59.png */,
				B9A024311FFF4C6D001A037B /* ear_6.png */,
				B9A024321FFF4C6D001A037B /* ear_60.png */,
				B9A024331FFF4C6D001A037B /* ear_61.png */,
				B9A024341FFF4C6D001A037B /* ear_62.png */,
				B9A024351FFF4C6D001A037B /* ear_63.png */,
				B9A024361FFF4C6D001A037B /* ear_64.png */,
				B9A024371FFF4C6D001A037B /* ear_65.png */,
				B9A024381FFF4C6D001A037B /* ear_66.png */,
				B9A024391FFF4C6D001A037B /* ear_67.png */,
				B9A0243A1FFF4C6D001A037B /* ear_68.png */,
				B9A0243B1FFF4C6D001A037B /* ear_69.png */,
				B9A0243C1FFF4C6D001A037B /* ear_7.png */,
				B9A0243D1FFF4C6D001A037B /* ear_70.png */,
				B9A0243E1FFF4C6D001A037B /* ear_71.png */,
				B9A0243F1FFF4C6D001A037B /* ear_72.png */,
				B9A024401FFF4C6D001A037B /* ear_73.png */,
				B9A024411FFF4C6D001A037B /* ear_74.png */,
				B9A024421FFF4C6D001A037B /* ear_75.png */,
				B9A024431FFF4C6D001A037B /* ear_76.png */,
				B9A024441FFF4C6D001A037B /* ear_77.png */,
				B9A024451FFF4C6D001A037B /* ear_78.png */,
				B9A024461FFF4C6D001A037B /* ear_79.png */,
				B9A024471FFF4C6D001A037B /* ear_8.png */,
				B9A024481FFF4C6D001A037B /* ear_9.png */,
			);
			path = Resources;
			sourceTree = "<group>";
		};
/* End PBXGroup section */

/* Begin PBXNativeTarget section */
		B9377D6A1F68DA5900CC06D8 /* FQFaceRecognizeSample */ = {
			isa = PBXNativeTarget;
			buildConfigurationList = B9377D981F68DA5B00CC06D8 /* Build configuration list for PBXNativeTarget "FQFaceRecognizeSample" */;
			buildPhases = (
				B9377D671F68DA5900CC06D8 /* Sources */,
				B9377D681F68DA5900CC06D8 /* Frameworks */,
				B9377D691F68DA5900CC06D8 /* Resources */,
			);
			buildRules = (
			);
			dependencies = (
			);
			name = FQFaceRecognizeSample;
			productName = FQFaceRecognizeSample;
			productReference = B9377D6B1F68DA5900CC06D8 /* FQFaceRecognizeSample.app */;
			productType = "com.apple.product-type.application";
		};
		B9377D831F68DA5A00CC06D8 /* FQFaceRecognizeSampleTests */ = {
			isa = PBXNativeTarget;
			buildConfigurationList = B9377D9B1F68DA5B00CC06D8 /* Build configuration list for PBXNativeTarget "FQFaceRecognizeSampleTests" */;
			buildPhases = (
				B9377D801F68DA5A00CC06D8 /* Sources */,
				B9377D811F68DA5A00CC06D8 /* Frameworks */,
				B9377D821F68DA5A00CC06D8 /* Resources */,
			);
			buildRules = (
			);
			dependencies = (
				B9377D861F68DA5A00CC06D8 /* PBXTargetDependency */,
			);
			name = FQFaceRecognizeSampleTests;
			productName = FQFaceRecognizeSampleTests;
			productReference = B9377D841F68DA5A00CC06D8 /* FQFaceRecognizeSampleTests.xctest */;
			productType = "com.apple.product-type.bundle.unit-test";
		};
		B9377D8E1F68DA5B00CC06D8 /* FQFaceRecognizeSampleUITests */ = {
			isa = PBXNativeTarget;
			buildConfigurationList = B9377D9E1F68DA5B00CC06D8 /* Build configuration list for PBXNativeTarget "FQFaceRecognizeSampleUITests" */;
			buildPhases = (
				B9377D8B1F68DA5B00CC06D8 /* Sources */,
				B9377D8C1F68DA5B00CC06D8 /* Frameworks */,
				B9377D8D1F68DA5B00CC06D8 /* Resources */,
			);
			buildRules = (
			);
			dependencies = (
				B9377D911F68DA5B00CC06D8 /* PBXTargetDependency */,
			);
			name = FQFaceRecognizeSampleUITests;
			productName = FQFaceRecognizeSampleUITests;
			productReference = B9377D8F1F68DA5B00CC06D8 /* FQFaceRecognizeSampleUITests.xctest */;
			productType = "com.apple.product-type.bundle.ui-testing";
		};
/* End PBXNativeTarget section */

/* Begin PBXProject section */
		B9377D631F68DA5900CC06D8 /* Project object */ = {
			isa = PBXProject;
			attributes = {
				LastUpgradeCheck = 0830;
				ORGANIZATIONNAME = fanqi;
				TargetAttributes = {
					B9377D6A1F68DA5900CC06D8 = {
						CreatedOnToolsVersion = 8.3.3;
						DevelopmentTeam = V6R68WLKP9;
						ProvisioningStyle = Automatic;
					};
					B9377D831F68DA5A00CC06D8 = {
						CreatedOnToolsVersion = 8.3.3;
						DevelopmentTeam = V6R68WLKP9;
						ProvisioningStyle = Automatic;
						TestTargetID = B9377D6A1F68DA5900CC06D8;
					};
					B9377D8E1F68DA5B00CC06D8 = {
						CreatedOnToolsVersion = 8.3.3;
						DevelopmentTeam = V6R68WLKP9;
						ProvisioningStyle = Automatic;
						TestTargetID = B9377D6A1F68DA5900CC06D8;
					};
				};
			};
			buildConfigurationList = B9377D661F68DA5900CC06D8 /* Build configuration list for PBXProject "FQFaceRecognizeSample" */;
			compatibilityVersion = "Xcode 3.2";
			developmentRegion = English;
			hasScannedForEncodings = 0;
			knownRegions = (
				en,
				Base,
			);
			mainGroup = B9377D621F68DA5900CC06D8;
			productRefGroup = B9377D6C1F68DA5900CC06D8 /* Products */;
			projectDirPath = "";
			projectRoot = "";
			targets = (
				B9377D6A1F68DA5900CC06D8 /* FQFaceRecognizeSample */,
				B9377D831F68DA5A00CC06D8 /* FQFaceRecognizeSampleTests */,
				B9377D8E1F68DA5B00CC06D8 /* FQFaceRecognizeSampleUITests */,
			);
		};
/* End PBXProject section */

/* Begin PBXResourcesBuildPhase section */
		B9377D691F68DA5900CC06D8 /* Resources */ = {
			isa = PBXResourcesBuildPhase;
			buildActionMask = 2147483647;
			files = (
				B9A024941FFF4C6D001A037B /* ear_77.png in Resources */,
				B9A0247D1FFF4C6D001A037B /* ear_56.png in Resources */,
				B9377D7E1F68DA5A00CC06D8 /* LaunchScreen.storyboard in Resources */,
				B9A024951FFF4C6D001A037B /* ear_78.png in Resources */,
				B9A024961FFF4C6D001A037B /* ear_79.png in Resources */,
				B9A024891FFF4C6D001A037B /* ear_67.png in Resources */,
				B9A0247B1FFF4C6D001A037B /* ear_54.png in Resources */,
				B9A0248F1FFF4C6D001A037B /* ear_72.png in Resources */,
				B9A024691FFF4C6D001A037B /* ear_38.png in Resources */,
				B9377DAD1F691A4500CC06D8 /* 2.jpg in Resources */,
				B9A024601FFF4C6D001A037B /* ear_3.png in Resources */,
				B9A024911FFF4C6D001A037B /* ear_74.png in Resources */,
				B9A0245E1FFF4C6D001A037B /* ear_28.png in Resources */,
				B9A0244F1FFF4C6D001A037B /* ear_14.png in Resources */,
				B9377D7B1F68DA5A00CC06D8 /* Assets.xcassets in Resources */,
				B9A0248A1FFF4C6D001A037B /* ear_68.png in Resources */,
				B9A0247F1FFF4C6D001A037B /* ear_58.png in Resources */,
				B9A0245D1FFF4C6D001A037B /* ear_27.png in Resources */,
				B9A0248D1FFF4C6D001A037B /* ear_70.png in Resources */,
				B9A0246A1FFF4C6D001A037B /* ear_39.png in Resources */,
				B9A024631FFF4C6D001A037B /* ear_32.png in Resources */,
				B9A024681FFF4C6D001A037B /* ear_37.png in Resources */,
				B9A024651FFF4C6D001A037B /* ear_34.png in Resources */,
				B9A024551FFF4C6D001A037B /* ear_2.png in Resources */,
				B9A0245F1FFF4C6D001A037B /* ear_29.png in Resources */,
				B9A024701FFF4C6D001A037B /* ear_44.png in Resources */,
				B9A0244D1FFF4C6D001A037B /* ear_12.png in Resources */,
				B9A0244E1FFF4C6D001A037B /* ear_13.png in Resources */,
				B9A024851FFF4C6D001A037B /* ear_63.png in Resources */,
				B9A024491FFF4C6D001A037B /* ear_0.png in Resources */,
				B9A0245C1FFF4C6D001A037B /* ear_26.png in Resources */,
				B9A024641FFF4C6D001A037B /* ear_33.png in Resources */,
				B9A0247A1FFF4C6D001A037B /* ear_53.png in Resources */,
				B9A024591FFF4C6D001A037B /* ear_23.png in Resources */,
				B9A0248C1FFF4C6D001A037B /* ear_7.png in Resources */,
				B9A0244A1FFF4C6D001A037B /* ear_1.png in Resources */,
				B9A0247C1FFF4C6D001A037B /* ear_55.png in Resources */,
				B9A0248E1FFF4C6D001A037B /* ear_71.png in Resources */,
				B9A024781FFF4C6D001A037B /* ear_51.png in Resources */,
				B9A0245A1FFF4C6D001A037B /* ear_24.png in Resources */,
				B9A024861FFF4C6D001A037B /* ear_64.png in Resources */,
				B9A0247E1FFF4C6D001A037B /* ear_57.png in Resources */,
				B9A024711FFF4C6D001A037B /* ear_45.png in Resources */,
				B9377DB61F6920D900CC06D8 /* 3.jpg in Resources */,
				B9A024751FFF4C6D001A037B /* ear_49.png in Resources */,
				B9A024531FFF4C6D001A037B /* ear_18.png in Resources */,
				B9A0245B1FFF4C6D001A037B /* ear_25.png in Resources */,
				B9377D791F68DA5A00CC06D8 /* Main.storyboard in Resources */,
				B9A024611FFF4C6D001A037B /* ear_30.png in Resources */,
				B9A024501FFF4C6D001A037B /* ear_15.png in Resources */,
				B9A0246C1FFF4C6D001A037B /* ear_40.png in Resources */,
				B9A024921FFF4C6D001A037B /* ear_75.png in Resources */,
				B9A024791FFF4C6D001A037B /* ear_52.png in Resources */,
				B9A0244B1FFF4C6D001A037B /* ear_10.png in Resources */,
				B9A024871FFF4C6D001A037B /* ear_65.png in Resources */,
				B9A024931FFF4C6D001A037B /* ear_76.png in Resources */,
				B9A024811FFF4C6D001A037B /* ear_6.png in Resources */,
				B9A024671FFF4C6D001A037B /* ear_36.png in Resources */,
				B9A024521FFF4C6D001A037B /* ear_17.png in Resources */,
				B9A0246D1FFF4C6D001A037B /* ear_41.png in Resources */,
				B9A024731FFF4C6D001A037B /* ear_47.png in Resources */,
				B9A024841FFF4C6D001A037B /* ear_62.png in Resources */,
				B9A024621FFF4C6D001A037B /* ear_31.png in Resources */,
				B9A024801FFF4C6D001A037B /* ear_59.png in Resources */,
				B9A024981FFF4C6D001A037B /* ear_9.png in Resources */,
				B9A024661FFF4C6D001A037B /* ear_35.png in Resources */,
				B9A024741FFF4C6D001A037B /* ear_48.png in Resources */,
				B9A0244C1FFF4C6D001A037B /* ear_11.png in Resources */,
				B9A024581FFF4C6D001A037B /* ear_22.png in Resources */,
				B9A024571FFF4C6D001A037B /* ear_21.png in Resources */,
				B9A024511FFF4C6D001A037B /* ear_16.png in Resources */,
				B9A024901FFF4C6D001A037B /* ear_73.png in Resources */,
				B9A024761FFF4C6D001A037B /* ear_5.png in Resources */,
				B9A024541FFF4C6D001A037B /* ear_19.png in Resources */,
				B9A0246B1FFF4C6D001A037B /* ear_4.png in Resources */,
				B9A024561FFF4C6D001A037B /* ear_20.png in Resources */,
				B9A0248B1FFF4C6D001A037B /* ear_69.png in Resources */,
				B9A024831FFF4C6D001A037B /* ear_61.png in Resources */,
				B9A024971FFF4C6D001A037B /* ear_8.png in Resources */,
				B9A024821FFF4C6D001A037B /* ear_60.png in Resources */,
				B9A024771FFF4C6D001A037B /* ear_50.png in Resources */,
				B9A0246E1FFF4C6D001A037B /* ear_42.png in Resources */,
				B9A0246F1FFF4C6D001A037B /* ear_43.png in Resources */,
				B9A024721FFF4C6D001A037B /* ear_46.png in Resources */,
				B9A024881FFF4C6D001A037B /* ear_66.png in Resources */,
				B9377DB51F6920D900CC06D8 /* 1.jpg in Resources */,
				B9065274211E83C800CA554A /* shape_predictor_68_face_landmarks.dat in Resources */,
			);
			runOnlyForDeploymentPostprocessing = 0;
		};
		B9377D821F68DA5A00CC06D8 /* Resources */ = {
			isa = PBXResourcesBuildPhase;
			buildActionMask = 2147483647;
			files = (
			);
			runOnlyForDeploymentPostprocessing = 0;
		};
		B9377D8D1F68DA5B00CC06D8 /* Resources */ = {
			isa = PBXResourcesBuildPhase;
			buildActionMask = 2147483647;
			files = (
			);
			runOnlyForDeploymentPostprocessing = 0;
		};
/* End PBXResourcesBuildPhase section */

/* Begin PBXSourcesBuildPhase section */
		B9377D671F68DA5900CC06D8 /* Sources */ = {
			isa = PBXSourcesBuildPhase;
			buildActionMask = 2147483647;
			files = (
				B90653B1211E858500CA554A /* FQFacePointWrapper.mm in Sources */,
				B9377DA71F68EFB400CC06D8 /* UIImage+Extension.m in Sources */,
				B9377DA41F68E0C000CC06D8 /* FQImageRecognizeViewController.m in Sources */,
				B9377D761F68DA5A00CC06D8 /* ViewController.m in Sources */,
				B9377D731F68DA5900CC06D8 /* AppDelegate.m in Sources */,
				B9377DB01F691B7F00CC06D8 /* FQVideoRecognizeViewController.m in Sources */,
				B9377D701F68DA5900CC06D8 /* main.m in Sources */,
				B9064D44211D873600CA554A /* FQOpencvRecognizeViewController.mm in Sources */,
			);
			runOnlyForDeploymentPostprocessing = 0;
		};
		B9377D801F68DA5A00CC06D8 /* Sources */ = {
			isa = PBXSourcesBuildPhase;
			buildActionMask = 2147483647;
			files = (
				B9377D891F68DA5B00CC06D8 /* FQFaceRecognizeSampleTests.m in Sources */,
			);
			runOnlyForDeploymentPostprocessing = 0;
		};
		B9377D8B1F68DA5B00CC06D8 /* Sources */ = {
			isa = PBXSourcesBuildPhase;
			buildActionMask = 2147483647;
			files = (
				B9377D941F68DA5B00CC06D8 /* FQFaceRecognizeSampleUITests.m in Sources */,
			);
			runOnlyForDeploymentPostprocessing = 0;
		};
/* End PBXSourcesBuildPhase section */

/* Begin PBXTargetDependency section */
		B9377D861F68DA5A00CC06D8 /* PBXTargetDependency */ = {
			isa = PBXTargetDependency;
			target = B9377D6A1F68DA5900CC06D8 /* FQFaceRecognizeSample */;
			targetProxy = B9377D851F68DA5A00CC06D8 /* PBXContainerItemProxy */;
		};
		B9377D911F68DA5B00CC06D8 /* PBXTargetDependency */ = {
			isa = PBXTargetDependency;
			target = B9377D6A1F68DA5900CC06D8 /* FQFaceRecognizeSample */;
			targetProxy = B9377D901F68DA5B00CC06D8 /* PBXContainerItemProxy */;
		};
/* End PBXTargetDependency section */

/* Begin PBXVariantGroup section */
		B9377D771F68DA5A00CC06D8 /* Main.storyboard */ = {
			isa = PBXVariantGroup;
			children = (
				B9377D781F68DA5A00CC06D8 /* Base */,
			);
			name = Main.storyboard;
			sourceTree = "<group>";
		};
		B9377D7C1F68DA5A00CC06D8 /* LaunchScreen.storyboard */ = {
			isa = PBXVariantGroup;
			children = (
				B9377D7D1F68DA5A00CC06D8 /* Base */,
			);
			name = LaunchScreen.storyboard;
			sourceTree = "<group>";
		};
/* End PBXVariantGroup section */

/* Begin XCBuildConfiguration section */
		B9377D961F68DA5B00CC06D8 /* Debug */ = {
			isa = XCBuildConfiguration;
			buildSettings = {
				ALWAYS_SEARCH_USER_PATHS = NO;
				CLANG_ANALYZER_NONNULL = YES;
				CLANG_ANALYZER_NUMBER_OBJECT_CONVERSION = YES_AGGRESSIVE;
				CLANG_CXX_LANGUAGE_STANDARD = "gnu++0x";
				CLANG_CXX_LIBRARY = "libc++";
				CLANG_ENABLE_MODULES = YES;
				CLANG_ENABLE_OBJC_ARC = YES;
				CLANG_WARN_BOOL_CONVERSION = YES;
				CLANG_WARN_CONSTANT_CONVERSION = YES;
				CLANG_WARN_DIRECT_OBJC_ISA_USAGE = YES_ERROR;
				CLANG_WARN_DOCUMENTATION_COMMENTS = YES;
				CLANG_WARN_EMPTY_BODY = YES;
				CLANG_WARN_ENUM_CONVERSION = YES;
				CLANG_WARN_INFINITE_RECURSION = YES;
				CLANG_WARN_INT_CONVERSION = YES;
				CLANG_WARN_OBJC_ROOT_CLASS = YES_ERROR;
				CLANG_WARN_SUSPICIOUS_MOVE = YES;
				CLANG_WARN_UNREACHABLE_CODE = YES;
				CLANG_WARN__DUPLICATE_METHOD_MATCH = YES;
				"CODE_SIGN_IDENTITY[sdk=iphoneos*]" = "iPhone Developer";
				COPY_PHASE_STRIP = NO;
				DEBUG_INFORMATION_FORMAT = dwarf;
				ENABLE_STRICT_OBJC_MSGSEND = YES;
				ENABLE_TESTABILITY = YES;
				GCC_C_LANGUAGE_STANDARD = gnu99;
				GCC_DYNAMIC_NO_PIC = NO;
				GCC_NO_COMMON_BLOCKS = YES;
				GCC_OPTIMIZATION_LEVEL = 0;
				GCC_PREPROCESSOR_DEFINITIONS = (
					"DEBUG=1",
					"$(inherited)",
				);
				GCC_WARN_64_TO_32_BIT_CONVERSION = YES;
				GCC_WARN_ABOUT_RETURN_TYPE = YES_ERROR;
				GCC_WARN_UNDECLARED_SELECTOR = YES;
				GCC_WARN_UNINITIALIZED_AUTOS = YES_AGGRESSIVE;
				GCC_WARN_UNUSED_FUNCTION = YES;
				GCC_WARN_UNUSED_VARIABLE = YES;
				IPHONEOS_DEPLOYMENT_TARGET = 10.3;
				MTL_ENABLE_DEBUG_INFO = YES;
				ONLY_ACTIVE_ARCH = YES;
				SDKROOT = iphoneos;
			};
			name = Debug;
		};
		B9377D971F68DA5B00CC06D8 /* Release */ = {
			isa = XCBuildConfiguration;
			buildSettings = {
				ALWAYS_SEARCH_USER_PATHS = NO;
				CLANG_ANALYZER_NONNULL = YES;
				CLANG_ANALYZER_NUMBER_OBJECT_CONVERSION = YES_AGGRESSIVE;
				CLANG_CXX_LANGUAGE_STANDARD = "gnu++0x";
				CLANG_CXX_LIBRARY = "libc++";
				CLANG_ENABLE_MODULES = YES;
				CLANG_ENABLE_OBJC_ARC = YES;
				CLANG_WARN_BOOL_CONVERSION = YES;
				CLANG_WARN_CONSTANT_CONVERSION = YES;
				CLANG_WARN_DIRECT_OBJC_ISA_USAGE = YES_ERROR;
				CLANG_WARN_DOCUMENTATION_COMMENTS = YES;
				CLANG_WARN_EMPTY_BODY = YES;
				CLANG_WARN_ENUM_CONVERSION = YES;
				CLANG_WARN_INFINITE_RECURSION = YES;
				CLANG_WARN_INT_CONVERSION = YES;
				CLANG_WARN_OBJC_ROOT_CLASS = YES_ERROR;
				CLANG_WARN_SUSPICIOUS_MOVE = YES;
				CLANG_WARN_UNREACHABLE_CODE = YES;
				CLANG_WARN__DUPLICATE_METHOD_MATCH = YES;
				"CODE_SIGN_IDENTITY[sdk=iphoneos*]" = "iPhone Developer";
				COPY_PHASE_STRIP = NO;
				DEBUG_INFORMATION_FORMAT = "dwarf-with-dsym";
				ENABLE_NS_ASSERTIONS = NO;
				ENABLE_STRICT_OBJC_MSGSEND = YES;
				GCC_C_LANGUAGE_STANDARD = gnu99;
				GCC_NO_COMMON_BLOCKS = YES;
				GCC_WARN_64_TO_32_BIT_CONVERSION = YES;
				GCC_WARN_ABOUT_RETURN_TYPE = YES_ERROR;
				GCC_WARN_UNDECLARED_SELECTOR = YES;
				GCC_WARN_UNINITIALIZED_AUTOS = YES_AGGRESSIVE;
				GCC_WARN_UNUSED_FUNCTION = YES;
				GCC_WARN_UNUSED_VARIABLE = YES;
				IPHONEOS_DEPLOYMENT_TARGET = 10.3;
				MTL_ENABLE_DEBUG_INFO = NO;
				SDKROOT = iphoneos;
				VALIDATE_PRODUCT = YES;
			};
			name = Release;
		};
		B9377D991F68DA5B00CC06D8 /* Debug */ = {
			isa = XCBuildConfiguration;
			buildSettings = {
				ASSETCATALOG_COMPILER_APPICON_NAME = AppIcon;
				CLANG_CXX_LIBRARY = "libc++";
				DEVELOPMENT_TEAM = V6R68WLKP9;
				ENABLE_BITCODE = NO;
				FRAMEWORK_SEARCH_PATHS = (
					"$(inherited)",
					"$(PROJECT_DIR)/FQFaceRecognizeSample/Vendor",
				);
				GCC_PREPROCESSOR_DEFINITIONS = (
					DLIB_JPEG_SUPPORT,
					DLIB_NO_GUI_SUPPORT,
					NDEBUG,
					DDLIB_USE_BLAS,
					DLIB_USE_LAPACK,
				);
				HEADER_SEARCH_PATHS = "\"$(SRCROOT)/FQFaceRecognizeSample/Vendor\"";
				INFOPLIST_FILE = FQFaceRecognizeSample/Info.plist;
				IPHONEOS_DEPLOYMENT_TARGET = 8.0;
				LD_RUNPATH_SEARCH_PATHS = "$(inherited) @executable_path/Frameworks";
				LIBRARY_SEARCH_PATHS = (
					"$(inherited)",
					"$(PROJECT_DIR)/FQFaceRecognizeSample/Vendor",
				);
				PRODUCT_BUNDLE_IDENTIFIER = qi.fan.FQFaceRecognizeSample;
				PRODUCT_NAME = "$(TARGET_NAME)";
				WARNING_CFLAGS = "-Wno-documentation";
			};
			name = Debug;
		};
		B9377D9A1F68DA5B00CC06D8 /* Release */ = {
			isa = XCBuildConfiguration;
			buildSettings = {
				ASSETCATALOG_COMPILER_APPICON_NAME = AppIcon;
				CLANG_CXX_LIBRARY = "libc++";
				DEVELOPMENT_TEAM = V6R68WLKP9;
				ENABLE_BITCODE = NO;
				FRAMEWORK_SEARCH_PATHS = (
					"$(inherited)",
					"$(PROJECT_DIR)/FQFaceRecognizeSample/Vendor",
				);
				GCC_PREPROCESSOR_DEFINITIONS = (
					DLIB_JPEG_SUPPORT,
					DLIB_NO_GUI_SUPPORT,
					NDEBUG,
					DDLIB_USE_BLAS,
					DLIB_USE_LAPACK,
				);
				HEADER_SEARCH_PATHS = "\"$(SRCROOT)/FQFaceRecognizeSample/Vendor\"";
				INFOPLIST_FILE = FQFaceRecognizeSample/Info.plist;
				IPHONEOS_DEPLOYMENT_TARGET = 8.0;
				LD_RUNPATH_SEARCH_PATHS = "$(inherited) @executable_path/Frameworks";
				LIBRARY_SEARCH_PATHS = (
					"$(inherited)",
					"$(PROJECT_DIR)/FQFaceRecognizeSample/Vendor",
				);
				PRODUCT_BUNDLE_IDENTIFIER = qi.fan.FQFaceRecognizeSample;
				PRODUCT_NAME = "$(TARGET_NAME)";
				WARNING_CFLAGS = "-Wno-documentation";
			};
			name = Release;
		};
		B9377D9C1F68DA5B00CC06D8 /* Debug */ = {
			isa = XCBuildConfiguration;
			buildSettings = {
				BUNDLE_LOADER = "$(TEST_HOST)";
				DEVELOPMENT_TEAM = V6R68WLKP9;
				INFOPLIST_FILE = FQFaceRecognizeSampleTests/Info.plist;
				LD_RUNPATH_SEARCH_PATHS = "$(inherited) @executable_path/Frameworks @loader_path/Frameworks";
				PRODUCT_BUNDLE_IDENTIFIER = qi.fan.FQFaceRecognizeSampleTests;
				PRODUCT_NAME = "$(TARGET_NAME)";
				TEST_HOST = "$(BUILT_PRODUCTS_DIR)/FQFaceRecognizeSample.app/FQFaceRecognizeSample";
			};
			name = Debug;
		};
		B9377D9D1F68DA5B00CC06D8 /* Release */ = {
			isa = XCBuildConfiguration;
			buildSettings = {
				BUNDLE_LOADER = "$(TEST_HOST)";
				DEVELOPMENT_TEAM = V6R68WLKP9;
				INFOPLIST_FILE = FQFaceRecognizeSampleTests/Info.plist;
				LD_RUNPATH_SEARCH_PATHS = "$(inherited) @executable_path/Frameworks @loader_path/Frameworks";
				PRODUCT_BUNDLE_IDENTIFIER = qi.fan.FQFaceRecognizeSampleTests;
				PRODUCT_NAME = "$(TARGET_NAME)";
				TEST_HOST = "$(BUILT_PRODUCTS_DIR)/FQFaceRecognizeSample.app/FQFaceRecognizeSample";
			};
			name = Release;
		};
		B9377D9F1F68DA5B00CC06D8 /* Debug */ = {
			isa = XCBuildConfiguration;
			buildSettings = {
				DEVELOPMENT_TEAM = V6R68WLKP9;
				INFOPLIST_FILE = FQFaceRecognizeSampleUITests/Info.plist;
				LD_RUNPATH_SEARCH_PATHS = "$(inherited) @executable_path/Frameworks @loader_path/Frameworks";
				PRODUCT_BUNDLE_IDENTIFIER = qi.fan.FQFaceRecognizeSampleUITests;
				PRODUCT_NAME = "$(TARGET_NAME)";
				TEST_TARGET_NAME = FQFaceRecognizeSample;
			};
			name = Debug;
		};
		B9377DA01F68DA5B00CC06D8 /* Release */ = {
			isa = XCBuildConfiguration;
			buildSettings = {
				DEVELOPMENT_TEAM = V6R68WLKP9;
				INFOPLIST_FILE = FQFaceRecognizeSampleUITests/Info.plist;
				LD_RUNPATH_SEARCH_PATHS = "$(inherited) @executable_path/Frameworks @loader_path/Frameworks";
				PRODUCT_BUNDLE_IDENTIFIER = qi.fan.FQFaceRecognizeSampleUITests;
				PRODUCT_NAME = "$(TARGET_NAME)";
				TEST_TARGET_NAME = FQFaceRecognizeSample;
			};
			name = Release;
		};
/* End XCBuildConfiguration section */

/* Begin XCConfigurationList section */
		B9377D661F68DA5900CC06D8 /* Build configuration list for PBXProject "FQFaceRecognizeSample" */ = {
			isa = XCConfigurationList;
			buildConfigurations = (
				B9377D961F68DA5B00CC06D8 /* Debug */,
				B9377D971F68DA5B00CC06D8 /* Release */,
			);
			defaultConfigurationIsVisible = 0;
			defaultConfigurationName = Release;
		};
		B9377D981F68DA5B00CC06D8 /* Build configuration list for PBXNativeTarget "FQFaceRecognizeSample" */ = {
			isa = XCConfigurationList;
			buildConfigurations = (
				B9377D991F68DA5B00CC06D8 /* Debug */,
				B9377D9A1F68DA5B00CC06D8 /* Release */,
			);
			defaultConfigurationIsVisible = 0;
			defaultConfigurationName = Release;
		};
		B9377D9B1F68DA5B00CC06D8 /* Build configuration list for PBXNativeTarget "FQFaceRecognizeSampleTests" */ = {
			isa = XCConfigurationList;
			buildConfigurations = (
				B9377D9C1F68DA5B00CC06D8 /* Debug */,
				B9377D9D1F68DA5B00CC06D8 /* Release */,
			);
			defaultConfigurationIsVisible = 0;
			defaultConfigurationName = Release;
		};
		B9377D9E1F68DA5B00CC06D8 /* Build configuration list for PBXNativeTarget "FQFaceRecognizeSampleUITests" */ = {
			isa = XCConfigurationList;
			buildConfigurations = (
				B9377D9F1F68DA5B00CC06D8 /* Debug */,
				B9377DA01F68DA5B00CC06D8 /* Release */,
			);
			defaultConfigurationIsVisible = 0;
			defaultConfigurationName = Release;
		};
/* End XCConfigurationList section */
	};
	rootObject = B9377D631F68DA5900CC06D8 /* Project object */;
}
